
Microsoft Visual Studio Solution File, Format Version 12.00
# Visual Studio Version 17
VisualStudioVersion = 17.3.32929.385
MinimumVisualStudioVersion = 10.0.40219.1
Project("{FAE04EC0-301F-11D3-BF4B-00C04F79EFBC}") = "ValueObject", "ValueObject\ValueObject.csproj", "{C1A38C1F-4310-4E4D-926D-67D831DF5323}"
EndProject
Global
	GlobalSection(SolutionConfigurationPlatforms) = preSolution
		Debug|Any CPU = Debug|Any CPU
		Release|Any CPU = Release|Any CPU
	EndGlobalSection
	GlobalSection(ProjectConfigurationPlatforms) = postSolution
		{C1A38C1F-4310-4E4D-926D-67D831DF5323}.Debug|Any CPU.ActiveCfg = Debug|Any CPU
		{C1A38C1F-4310-4E4D-926D-67D831DF5323}.Debug|Any CPU.Build.0 = Debug|Any CPU
		{C1A38C1F-4310-4E4D-926D-67D831DF5323}.Release|Any CPU.ActiveCfg = Release|Any CPU
		{C1A38C1F-4310-4E4D-926D-67D831DF5323}.Release|Any CPU.Build.0 = Release|Any CPU
	EndGlobalSection
	GlobalSection(SolutionProperties) = preSolution
		HideSolutionNode = FALSE
	EndGlobalSection
	GlobalSection(ExtensibilityGlobals) = postSolution
		SolutionGuid = {732FB7FE-C1A4-4E14-8095-AE493FD92E03}
	EndGlobalSection
EndGlobal
